// !$*UTF8*$!
{
	archiveVersion = 1;
	classes = {
	};
	objectVersion = 46;
	objects = {

/* Begin PBXBuildFile section */
		0412C3511C44FCB900D366C6 /* Common.h in Resources */ = {isa = PBXBuildFile; fileRef = 0412C3501C44FB5A00D366C6 /* Common.h */; };
		0412C3541C450ADA00D366C6 /* QuartzCore.framework in Frameworks */ = {isa = PBXBuildFile; fileRef = 0412C3531C450ADA00D366C6 /* QuartzCore.framework */; };
		0412C3571C45119400D366C6 /* BKConnectionManager.m in Sources */ = {isa = PBXBuildFile; fileRef = 0412C3561C45119400D366C6 /* BKConnectionManager.m */; };
		04677E3E1C43D74D0088B7D9 /* BKEmailLoginViewController.m in Sources */ = {isa = PBXBuildFile; fileRef = 04677E3D1C43D74D0088B7D9 /* BKEmailLoginViewController.m */; };
		04677E411C43D77D0088B7D9 /* BKContainerViewController.m in Sources */ = {isa = PBXBuildFile; fileRef = 04677E401C43D77D0088B7D9 /* BKContainerViewController.m */; };
		04677E4A1C43D9A60088B7D9 /* BKRegisterViewController.m in Sources */ = {isa = PBXBuildFile; fileRef = 04677E491C43D9A60088B7D9 /* BKRegisterViewController.m */; };
		046D95EC1C468977001C9F13 /* BKContainerNavigatorViewController.m in Sources */ = {isa = PBXBuildFile; fileRef = 046D95EB1C468977001C9F13 /* BKContainerNavigatorViewController.m */; };
		048CAC151C4122A600C7A6A3 /* main.m in Sources */ = {isa = PBXBuildFile; fileRef = 048CAC141C4122A600C7A6A3 /* main.m */; };
		048CAC181C4122A600C7A6A3 /* AppDelegate.m in Sources */ = {isa = PBXBuildFile; fileRef = 048CAC171C4122A600C7A6A3 /* AppDelegate.m */; };
		048CAC1E1C4122A600C7A6A3 /* Main.storyboard in Resources */ = {isa = PBXBuildFile; fileRef = 048CAC1C1C4122A600C7A6A3 /* Main.storyboard */; };
		048CAC201C4122A600C7A6A3 /* Assets.xcassets in Resources */ = {isa = PBXBuildFile; fileRef = 048CAC1F1C4122A600C7A6A3 /* Assets.xcassets */; };
		048CAC231C4122A600C7A6A3 /* LaunchScreen.storyboard in Resources */ = {isa = PBXBuildFile; fileRef = 048CAC211C4122A600C7A6A3 /* LaunchScreen.storyboard */; };
		048CAC2E1C4122A600C7A6A3 /* BodyBeatTests.m in Sources */ = {isa = PBXBuildFile; fileRef = 048CAC2D1C4122A600C7A6A3 /* BodyBeatTests.m */; };
		048CAC391C4122A600C7A6A3 /* BodyBeatUITests.m in Sources */ = {isa = PBXBuildFile; fileRef = 048CAC381C4122A600C7A6A3 /* BodyBeatUITests.m */; };
		048CAC531C41253B00C7A6A3 /* Bolts.framework in Frameworks */ = {isa = PBXBuildFile; fileRef = 048CAC4F1C41253B00C7A6A3 /* Bolts.framework */; };
		048CAC541C41253C00C7A6A3 /* FacebookSDKStrings.bundle in Resources */ = {isa = PBXBuildFile; fileRef = 048CAC501C41253B00C7A6A3 /* FacebookSDKStrings.bundle */; };
		048CAC551C41253C00C7A6A3 /* FBSDKCoreKit.framework in Frameworks */ = {isa = PBXBuildFile; fileRef = 048CAC511C41253B00C7A6A3 /* FBSDKCoreKit.framework */; };
		048CAC561C41253C00C7A6A3 /* FBSDKLoginKit.framework in Frameworks */ = {isa = PBXBuildFile; fileRef = 048CAC521C41253B00C7A6A3 /* FBSDKLoginKit.framework */; };
		048CAC591C41273100C7A6A3 /* BKCache.m in Sources */ = {isa = PBXBuildFile; fileRef = 048CAC581C41273100C7A6A3 /* BKCache.m */; };
		048CAC5B1C41CAB400C7A6A3 /* readme.md in Sources */ = {isa = PBXBuildFile; fileRef = 048CAC5A1C41CAB400C7A6A3 /* readme.md */; };
		048CAC5E1C41CE1C00C7A6A3 /* BKLandingViewController.m in Sources */ = {isa = PBXBuildFile; fileRef = 048CAC5D1C41CE1C00C7A6A3 /* BKLandingViewController.m */; };
		048CAC621C41CE7000C7A6A3 /* BKInitialViewController.m in Sources */ = {isa = PBXBuildFile; fileRef = 048CAC611C41CE7000C7A6A3 /* BKInitialViewController.m */; };
		04D5C2E51C4515B0007C9D44 /* BKHelperMethods.m in Sources */ = {isa = PBXBuildFile; fileRef = 04D5C2E41C4515B0007C9D44 /* BKHelperMethods.m */; };
		2EEAB35405B602B24FEEE537 /* libPods.a in Frameworks */ = {isa = PBXBuildFile; fileRef = 2C0B1748A4A21CCC347DD88F /* libPods.a */; };
/* End PBXBuildFile section */

/* Begin PBXContainerItemProxy section */
		048CAC2A1C4122A600C7A6A3 /* PBXContainerItemProxy */ = {
			isa = PBXContainerItemProxy;
			containerPortal = 048CAC081C4122A600C7A6A3 /* Project object */;
			proxyType = 1;
			remoteGlobalIDString = 048CAC0F1C4122A600C7A6A3;
			remoteInfo = BodyBeat;
		};
		048CAC351C4122A600C7A6A3 /* PBXContainerItemProxy */ = {
			isa = PBXContainerItemProxy;
			containerPortal = 048CAC081C4122A600C7A6A3 /* Project object */;
			proxyType = 1;
			remoteGlobalIDString = 048CAC0F1C4122A600C7A6A3;
			remoteInfo = BodyBeat;
		};
/* End PBXContainerItemProxy section */

/* Begin PBXFileReference section */
		0412C3501C44FB5A00D366C6 /* Common.h */ = {isa = PBXFileReference; lastKnownFileType = sourcecode.c.h; name = Common.h; path = Library/Common.h; sourceTree = "<group>"; };
		0412C3531C450ADA00D366C6 /* QuartzCore.framework */ = {isa = PBXFileReference; lastKnownFileType = wrapper.framework; name = QuartzCore.framework; path = System/Library/Frameworks/QuartzCore.framework; sourceTree = SDKROOT; };
		0412C3551C45119400D366C6 /* BKConnectionManager.h */ = {isa = PBXFileReference; fileEncoding = 4; lastKnownFileType = sourcecode.c.h; name = BKConnectionManager.h; path = Library/BKConnectionManager/BKConnectionManager.h; sourceTree = "<group>"; };
		0412C3561C45119400D366C6 /* BKConnectionManager.m */ = {isa = PBXFileReference; fileEncoding = 4; lastKnownFileType = sourcecode.c.objc; name = BKConnectionManager.m; path = Library/BKConnectionManager/BKConnectionManager.m; sourceTree = "<group>"; };
		04677E3C1C43D74D0088B7D9 /* BKEmailLoginViewController.h */ = {isa = PBXFileReference; fileEncoding = 4; lastKnownFileType = sourcecode.c.h; name = BKEmailLoginViewController.h; path = "Pages/Email Login/Controller/BKEmailLoginViewController.h"; sourceTree = "<group>"; };
		04677E3D1C43D74D0088B7D9 /* BKEmailLoginViewController.m */ = {isa = PBXFileReference; fileEncoding = 4; lastKnownFileType = sourcecode.c.objc; name = BKEmailLoginViewController.m; path = "Pages/Email Login/Controller/BKEmailLoginViewController.m"; sourceTree = "<group>"; };
		04677E3F1C43D77D0088B7D9 /* BKContainerViewController.h */ = {isa = PBXFileReference; fileEncoding = 4; lastKnownFileType = sourcecode.c.h; name = BKContainerViewController.h; path = Pages/Container/Controller/BKContainerViewController.h; sourceTree = "<group>"; };
		04677E401C43D77D0088B7D9 /* BKContainerViewController.m */ = {isa = PBXFileReference; fileEncoding = 4; lastKnownFileType = sourcecode.c.objc; name = BKContainerViewController.m; path = Pages/Container/Controller/BKContainerViewController.m; sourceTree = "<group>"; };
		04677E481C43D9A60088B7D9 /* BKRegisterViewController.h */ = {isa = PBXFileReference; fileEncoding = 4; lastKnownFileType = sourcecode.c.h; name = BKRegisterViewController.h; path = "Pages/Container/Sub Pages/Register/Controller/BKRegisterViewController.h"; sourceTree = "<group>"; };
		04677E491C43D9A60088B7D9 /* BKRegisterViewController.m */ = {isa = PBXFileReference; fileEncoding = 4; lastKnownFileType = sourcecode.c.objc; name = BKRegisterViewController.m; path = "Pages/Container/Sub Pages/Register/Controller/BKRegisterViewController.m"; sourceTree = "<group>"; };
		046D95EA1C468977001C9F13 /* BKContainerNavigatorViewController.h */ = {isa = PBXFileReference; fileEncoding = 4; lastKnownFileType = sourcecode.c.h; name = BKContainerNavigatorViewController.h; path = Pages/Container/Controller/BKContainerNavigatorViewController.h; sourceTree = "<group>"; };
		046D95EB1C468977001C9F13 /* BKContainerNavigatorViewController.m */ = {isa = PBXFileReference; fileEncoding = 4; lastKnownFileType = sourcecode.c.objc; name = BKContainerNavigatorViewController.m; path = Pages/Container/Controller/BKContainerNavigatorViewController.m; sourceTree = "<group>"; };
		048CAC101C4122A600C7A6A3 /* BodyBeat.app */ = {isa = PBXFileReference; explicitFileType = wrapper.application; includeInIndex = 0; path = BodyBeat.app; sourceTree = BUILT_PRODUCTS_DIR; };
		048CAC141C4122A600C7A6A3 /* main.m */ = {isa = PBXFileReference; lastKnownFileType = sourcecode.c.objc; path = main.m; sourceTree = "<group>"; };
		048CAC161C4122A600C7A6A3 /* AppDelegate.h */ = {isa = PBXFileReference; lastKnownFileType = sourcecode.c.h; path = AppDelegate.h; sourceTree = "<group>"; };
		048CAC171C4122A600C7A6A3 /* AppDelegate.m */ = {isa = PBXFileReference; lastKnownFileType = sourcecode.c.objc; path = AppDelegate.m; sourceTree = "<group>"; };
		048CAC1D1C4122A600C7A6A3 /* Base */ = {isa = PBXFileReference; lastKnownFileType = file.storyboard; name = Base; path = Base.lproj/Main.storyboard; sourceTree = "<group>"; };
		048CAC1F1C4122A600C7A6A3 /* Assets.xcassets */ = {isa = PBXFileReference; lastKnownFileType = folder.assetcatalog; path = Assets.xcassets; sourceTree = "<group>"; };
		048CAC221C4122A600C7A6A3 /* Base */ = {isa = PBXFileReference; lastKnownFileType = file.storyboard; name = Base; path = Base.lproj/LaunchScreen.storyboard; sourceTree = "<group>"; };
		048CAC241C4122A600C7A6A3 /* Info.plist */ = {isa = PBXFileReference; lastKnownFileType = text.plist.xml; path = Info.plist; sourceTree = "<group>"; };
		048CAC291C4122A600C7A6A3 /* BodyBeatTests.xctest */ = {isa = PBXFileReference; explicitFileType = wrapper.cfbundle; includeInIndex = 0; path = BodyBeatTests.xctest; sourceTree = BUILT_PRODUCTS_DIR; };
		048CAC2D1C4122A600C7A6A3 /* BodyBeatTests.m */ = {isa = PBXFileReference; lastKnownFileType = sourcecode.c.objc; path = BodyBeatTests.m; sourceTree = "<group>"; };
		048CAC2F1C4122A600C7A6A3 /* Info.plist */ = {isa = PBXFileReference; lastKnownFileType = text.plist.xml; path = Info.plist; sourceTree = "<group>"; };
		048CAC341C4122A600C7A6A3 /* BodyBeatUITests.xctest */ = {isa = PBXFileReference; explicitFileType = wrapper.cfbundle; includeInIndex = 0; path = BodyBeatUITests.xctest; sourceTree = BUILT_PRODUCTS_DIR; };
		048CAC381C4122A600C7A6A3 /* BodyBeatUITests.m */ = {isa = PBXFileReference; lastKnownFileType = sourcecode.c.objc; path = BodyBeatUITests.m; sourceTree = "<group>"; };
		048CAC3A1C4122A600C7A6A3 /* Info.plist */ = {isa = PBXFileReference; lastKnownFileType = text.plist.xml; path = Info.plist; sourceTree = "<group>"; };
		048CAC4F1C41253B00C7A6A3 /* Bolts.framework */ = {isa = PBXFileReference; lastKnownFileType = wrapper.framework; name = Bolts.framework; path = Frameworks/Bolts.framework; sourceTree = "<group>"; };
		048CAC501C41253B00C7A6A3 /* FacebookSDKStrings.bundle */ = {isa = PBXFileReference; lastKnownFileType = "wrapper.plug-in"; name = FacebookSDKStrings.bundle; path = Frameworks/FacebookSDKStrings.bundle; sourceTree = "<group>"; };
		048CAC511C41253B00C7A6A3 /* FBSDKCoreKit.framework */ = {isa = PBXFileReference; lastKnownFileType = wrapper.framework; name = FBSDKCoreKit.framework; path = Frameworks/FBSDKCoreKit.framework; sourceTree = "<group>"; };
		048CAC521C41253B00C7A6A3 /* FBSDKLoginKit.framework */ = {isa = PBXFileReference; lastKnownFileType = wrapper.framework; name = FBSDKLoginKit.framework; path = Frameworks/FBSDKLoginKit.framework; sourceTree = "<group>"; };
		048CAC571C41273100C7A6A3 /* BKCache.h */ = {isa = PBXFileReference; fileEncoding = 4; lastKnownFileType = sourcecode.c.h; name = BKCache.h; path = Library/BKCache/BKCache.h; sourceTree = "<group>"; };
		048CAC581C41273100C7A6A3 /* BKCache.m */ = {isa = PBXFileReference; fileEncoding = 4; lastKnownFileType = sourcecode.c.objc; name = BKCache.m; path = Library/BKCache/BKCache.m; sourceTree = "<group>"; };
		048CAC5A1C41CAB400C7A6A3 /* readme.md */ = {isa = PBXFileReference; fileEncoding = 4; lastKnownFileType = net.daringfireball.markdown; path = readme.md; sourceTree = "<group>"; };
		048CAC5C1C41CE1C00C7A6A3 /* BKLandingViewController.h */ = {isa = PBXFileReference; fileEncoding = 4; lastKnownFileType = sourcecode.c.h; name = BKLandingViewController.h; path = Pages/Landing/Controller/BKLandingViewController.h; sourceTree = "<group>"; };
		048CAC5D1C41CE1C00C7A6A3 /* BKLandingViewController.m */ = {isa = PBXFileReference; fileEncoding = 4; lastKnownFileType = sourcecode.c.objc; name = BKLandingViewController.m; path = Pages/Landing/Controller/BKLandingViewController.m; sourceTree = "<group>"; };
		048CAC601C41CE7000C7A6A3 /* BKInitialViewController.h */ = {isa = PBXFileReference; fileEncoding = 4; lastKnownFileType = sourcecode.c.h; name = BKInitialViewController.h; path = "Pages/Initial Navigation/BKInitialViewController.h"; sourceTree = "<group>"; };
		048CAC611C41CE7000C7A6A3 /* BKInitialViewController.m */ = {isa = PBXFileReference; fileEncoding = 4; lastKnownFileType = sourcecode.c.objc; name = BKInitialViewController.m; path = "Pages/Initial Navigation/BKInitialViewController.m"; sourceTree = "<group>"; };
		04D5C2E31C4515B0007C9D44 /* BKHelperMethods.h */ = {isa = PBXFileReference; fileEncoding = 4; lastKnownFileType = sourcecode.c.h; name = BKHelperMethods.h; path = Library/BKHelperMethods.h; sourceTree = "<group>"; };
		04D5C2E41C4515B0007C9D44 /* BKHelperMethods.m */ = {isa = PBXFileReference; fileEncoding = 4; lastKnownFileType = sourcecode.c.objc; name = BKHelperMethods.m; path = Library/BKHelperMethods.m; sourceTree = "<group>"; };
		0C7139A341457F812E410AAE /* Pods.release.xcconfig */ = {isa = PBXFileReference; includeInIndex = 1; lastKnownFileType = text.xcconfig; name = Pods.release.xcconfig; path = "Pods/Target Support Files/Pods/Pods.release.xcconfig"; sourceTree = "<group>"; };
		2C0B1748A4A21CCC347DD88F /* libPods.a */ = {isa = PBXFileReference; explicitFileType = archive.ar; includeInIndex = 0; path = libPods.a; sourceTree = BUILT_PRODUCTS_DIR; };
		F9BC090AA28FF4389913EED4 /* Pods.debug.xcconfig */ = {isa = PBXFileReference; includeInIndex = 1; lastKnownFileType = text.xcconfig; name = Pods.debug.xcconfig; path = "Pods/Target Support Files/Pods/Pods.debug.xcconfig"; sourceTree = "<group>"; };
/* End PBXFileReference section */

/* Begin PBXFrameworksBuildPhase section */
		048CAC0D1C4122A600C7A6A3 /* Frameworks */ = {
			isa = PBXFrameworksBuildPhase;
			buildActionMask = 2147483647;
			files = (
				0412C3541C450ADA00D366C6 /* QuartzCore.framework in Frameworks */,
				048CAC531C41253B00C7A6A3 /* Bolts.framework in Frameworks */,
				048CAC551C41253C00C7A6A3 /* FBSDKCoreKit.framework in Frameworks */,
				048CAC561C41253C00C7A6A3 /* FBSDKLoginKit.framework in Frameworks */,
				2EEAB35405B602B24FEEE537 /* libPods.a in Frameworks */,
			);
			runOnlyForDeploymentPostprocessing = 0;
		};
		048CAC261C4122A600C7A6A3 /* Frameworks */ = {
			isa = PBXFrameworksBuildPhase;
			buildActionMask = 2147483647;
			files = (
			);
			runOnlyForDeploymentPostprocessing = 0;
		};
		048CAC311C4122A600C7A6A3 /* Frameworks */ = {
			isa = PBXFrameworksBuildPhase;
			buildActionMask = 2147483647;
			files = (
			);
			runOnlyForDeploymentPostprocessing = 0;
		};
/* End PBXFrameworksBuildPhase section */

/* Begin PBXGroup section */
		04677E331C43D66A0088B7D9 /* Email Login */ = {
			isa = PBXGroup;
			children = (
				04677E341C43D67B0088B7D9 /* Controller */,
				04677E351C43D6820088B7D9 /* Model */,
			);
			name = "Email Login";
			sourceTree = "<group>";
		};
		04677E341C43D67B0088B7D9 /* Controller */ = {
			isa = PBXGroup;
			children = (
				04677E3C1C43D74D0088B7D9 /* BKEmailLoginViewController.h */,
				04677E3D1C43D74D0088B7D9 /* BKEmailLoginViewController.m */,
			);
			name = Controller;
			sourceTree = "<group>";
		};
		04677E351C43D6820088B7D9 /* Model */ = {
			isa = PBXGroup;
			children = (
			);
			name = Model;
			sourceTree = "<group>";
		};
		04677E391C43D7020088B7D9 /* Container */ = {
			isa = PBXGroup;
			children = (
				04677E3A1C43D70A0088B7D9 /* Controller */,
				04677E3B1C43D7110088B7D9 /* Model */,
				04677E441C43D9570088B7D9 /* Sub Pages */,
			);
			name = Container;
			sourceTree = "<group>";
		};
		04677E3A1C43D70A0088B7D9 /* Controller */ = {
			isa = PBXGroup;
			children = (
				04677E3F1C43D77D0088B7D9 /* BKContainerViewController.h */,
				04677E401C43D77D0088B7D9 /* BKContainerViewController.m */,
				046D95EA1C468977001C9F13 /* BKContainerNavigatorViewController.h */,
				046D95EB1C468977001C9F13 /* BKContainerNavigatorViewController.m */,
			);
			name = Controller;
			sourceTree = "<group>";
		};
		04677E3B1C43D7110088B7D9 /* Model */ = {
			isa = PBXGroup;
			children = (
			);
			name = Model;
			sourceTree = "<group>";
		};
		04677E421C43D8D50088B7D9 /* BKConnectionManager */ = {
			isa = PBXGroup;
			children = (
				0412C3551C45119400D366C6 /* BKConnectionManager.h */,
				0412C3561C45119400D366C6 /* BKConnectionManager.m */,
			);
			name = BKConnectionManager;
			sourceTree = "<group>";
		};
		04677E441C43D9570088B7D9 /* Sub Pages */ = {
			isa = PBXGroup;
			children = (
				04677E451C43D9770088B7D9 /* Register */,
			);
			name = "Sub Pages";
			sourceTree = "<group>";
		};
		04677E451C43D9770088B7D9 /* Register */ = {
			isa = PBXGroup;
			children = (
				04677E461C43D9810088B7D9 /* Controller */,
				04677E471C43D9880088B7D9 /* Model */,
			);
			name = Register;
			sourceTree = "<group>";
		};
		04677E461C43D9810088B7D9 /* Controller */ = {
			isa = PBXGroup;
			children = (
				04677E481C43D9A60088B7D9 /* BKRegisterViewController.h */,
				04677E491C43D9A60088B7D9 /* BKRegisterViewController.m */,
			);
			name = Controller;
			sourceTree = "<group>";
		};
		04677E471C43D9880088B7D9 /* Model */ = {
			isa = PBXGroup;
			children = (
			);
			name = Model;
			sourceTree = "<group>";
		};
		048CAC071C4122A600C7A6A3 = {
			isa = PBXGroup;
			children = (
				048CAC121C4122A600C7A6A3 /* BodyBeat */,
				048CAC2C1C4122A600C7A6A3 /* BodyBeatTests */,
				048CAC371C4122A600C7A6A3 /* BodyBeatUITests */,
				048CAC111C4122A600C7A6A3 /* Products */,
				40CF92E5AF66E9584CF9EB13 /* Pods */,
				838C89BF73A9A4DA7BB0A716 /* Frameworks */,
			);
			sourceTree = "<group>";
		};
		048CAC111C4122A600C7A6A3 /* Products */ = {
			isa = PBXGroup;
			children = (
				048CAC101C4122A600C7A6A3 /* BodyBeat.app */,
				048CAC291C4122A600C7A6A3 /* BodyBeatTests.xctest */,
				048CAC341C4122A600C7A6A3 /* BodyBeatUITests.xctest */,
			);
			name = Products;
			sourceTree = "<group>";
		};
		048CAC121C4122A600C7A6A3 /* BodyBeat */ = {
			isa = PBXGroup;
			children = (
				048CAC4D1C4124B400C7A6A3 /* Frameworks */,
				048CAC4A1C41235900C7A6A3 /* Library */,
				048CAC4E1C4124CA00C7A6A3 /* Pages */,
				048CAC131C4122A600C7A6A3 /* Supporting Files */,
				048CAC4C1C41237B00C7A6A3 /* Views */,
				048CAC5A1C41CAB400C7A6A3 /* readme.md */,
			);
			path = BodyBeat;
			sourceTree = "<group>";
		};
		048CAC131C4122A600C7A6A3 /* Supporting Files */ = {
			isa = PBXGroup;
			children = (
				048CAC161C4122A600C7A6A3 /* AppDelegate.h */,
				048CAC171C4122A600C7A6A3 /* AppDelegate.m */,
				048CAC1F1C4122A600C7A6A3 /* Assets.xcassets */,
				048CAC241C4122A600C7A6A3 /* Info.plist */,
				048CAC141C4122A600C7A6A3 /* main.m */,
				0412C3501C44FB5A00D366C6 /* Common.h */,
			);
			name = "Supporting Files";
			sourceTree = "<group>";
		};
		048CAC2C1C4122A600C7A6A3 /* BodyBeatTests */ = {
			isa = PBXGroup;
			children = (
				048CAC2D1C4122A600C7A6A3 /* BodyBeatTests.m */,
				048CAC2F1C4122A600C7A6A3 /* Info.plist */,
			);
			path = BodyBeatTests;
			sourceTree = "<group>";
		};
		048CAC371C4122A600C7A6A3 /* BodyBeatUITests */ = {
			isa = PBXGroup;
			children = (
				048CAC381C4122A600C7A6A3 /* BodyBeatUITests.m */,
				048CAC3A1C4122A600C7A6A3 /* Info.plist */,
			);
			path = BodyBeatUITests;
			sourceTree = "<group>";
		};
		048CAC471C41230B00C7A6A3 /* Landing */ = {
			isa = PBXGroup;
			children = (
				048CAC481C41231400C7A6A3 /* Controller */,
				048CAC491C41231C00C7A6A3 /* Model */,
			);
			name = Landing;
			sourceTree = "<group>";
		};
		048CAC481C41231400C7A6A3 /* Controller */ = {
			isa = PBXGroup;
			children = (
				048CAC5C1C41CE1C00C7A6A3 /* BKLandingViewController.h */,
				048CAC5D1C41CE1C00C7A6A3 /* BKLandingViewController.m */,
			);
			name = Controller;
			sourceTree = "<group>";
		};
		048CAC491C41231C00C7A6A3 /* Model */ = {
			isa = PBXGroup;
			children = (
			);
			name = Model;
			sourceTree = "<group>";
		};
		048CAC4A1C41235900C7A6A3 /* Library */ = {
			isa = PBXGroup;
			children = (
				04677E421C43D8D50088B7D9 /* BKConnectionManager */,
				048CAC4B1C41236900C7A6A3 /* BKCache */,
				04D5C2E61C4533F2007C9D44 /* Realm */,
				04D5C2E31C4515B0007C9D44 /* BKHelperMethods.h */,
				04D5C2E41C4515B0007C9D44 /* BKHelperMethods.m */,
			);
			name = Library;
			sourceTree = "<group>";
		};
		048CAC4B1C41236900C7A6A3 /* BKCache */ = {
			isa = PBXGroup;
			children = (
				048CAC571C41273100C7A6A3 /* BKCache.h */,
				048CAC581C41273100C7A6A3 /* BKCache.m */,
			);
			name = BKCache;
			sourceTree = "<group>";
		};
		048CAC4C1C41237B00C7A6A3 /* Views */ = {
			isa = PBXGroup;
			children = (
				048CAC1C1C4122A600C7A6A3 /* Main.storyboard */,
				048CAC211C4122A600C7A6A3 /* LaunchScreen.storyboard */,
			);
			name = Views;
			sourceTree = "<group>";
		};
		048CAC4D1C4124B400C7A6A3 /* Frameworks */ = {
			isa = PBXGroup;
			children = (
				048CAC4F1C41253B00C7A6A3 /* Bolts.framework */,
				048CAC501C41253B00C7A6A3 /* FacebookSDKStrings.bundle */,
				048CAC511C41253B00C7A6A3 /* FBSDKCoreKit.framework */,
				048CAC521C41253B00C7A6A3 /* FBSDKLoginKit.framework */,
			);
			name = Frameworks;
			sourceTree = "<group>";
		};
		048CAC4E1C4124CA00C7A6A3 /* Pages */ = {
			isa = PBXGroup;
			children = (
				04677E391C43D7020088B7D9 /* Container */,
				04677E331C43D66A0088B7D9 /* Email Login */,
				048CAC5F1C41CE3700C7A6A3 /* Inital Navigation */,
				048CAC471C41230B00C7A6A3 /* Landing */,
			);
			name = Pages;
			sourceTree = "<group>";
		};
		048CAC5F1C41CE3700C7A6A3 /* Inital Navigation */ = {
			isa = PBXGroup;
			children = (
				048CAC601C41CE7000C7A6A3 /* BKInitialViewController.h */,
				048CAC611C41CE7000C7A6A3 /* BKInitialViewController.m */,
			);
			name = "Inital Navigation";
			sourceTree = "<group>";
		};
		04D5C2E61C4533F2007C9D44 /* Realm */ = {
			isa = PBXGroup;
			children = (
			);
			name = Realm;
			sourceTree = "<group>";
		};
		40CF92E5AF66E9584CF9EB13 /* Pods */ = {
			isa = PBXGroup;
			children = (
				F9BC090AA28FF4389913EED4 /* Pods.debug.xcconfig */,
				0C7139A341457F812E410AAE /* Pods.release.xcconfig */,
			);
			name = Pods;
			sourceTree = "<group>";
		};
		838C89BF73A9A4DA7BB0A716 /* Frameworks */ = {
			isa = PBXGroup;
			children = (
				0412C3531C450ADA00D366C6 /* QuartzCore.framework */,
				2C0B1748A4A21CCC347DD88F /* libPods.a */,
			);
			name = Frameworks;
			sourceTree = "<group>";
		};
/* End PBXGroup section */

/* Begin PBXNativeTarget section */
		048CAC0F1C4122A600C7A6A3 /* BodyBeat */ = {
			isa = PBXNativeTarget;
			buildConfigurationList = 048CAC3D1C4122A600C7A6A3 /* Build configuration list for PBXNativeTarget "BodyBeat" */;
			buildPhases = (
				A284536F49138A75AB725E85 /* Check Pods Manifest.lock */,
				048CAC0C1C4122A600C7A6A3 /* Sources */,
				048CAC0D1C4122A600C7A6A3 /* Frameworks */,
				048CAC0E1C4122A600C7A6A3 /* Resources */,
				57D039332556E5A175018928 /* Embed Pods Frameworks */,
				7EBE4C161CC448D6E917460D /* Copy Pods Resources */,
			);
			buildRules = (
			);
			dependencies = (
			);
			name = BodyBeat;
			productName = BodyBeat;
			productReference = 048CAC101C4122A600C7A6A3 /* BodyBeat.app */;
			productType = "com.apple.product-type.application";
		};
		048CAC281C4122A600C7A6A3 /* BodyBeatTests */ = {
			isa = PBXNativeTarget;
			buildConfigurationList = 048CAC401C4122A600C7A6A3 /* Build configuration list for PBXNativeTarget "BodyBeatTests" */;
			buildPhases = (
				048CAC251C4122A600C7A6A3 /* Sources */,
				048CAC261C4122A600C7A6A3 /* Frameworks */,
				048CAC271C4122A600C7A6A3 /* Resources */,
			);
			buildRules = (
			);
			dependencies = (
				048CAC2B1C4122A600C7A6A3 /* PBXTargetDependency */,
			);
			name = BodyBeatTests;
			productName = BodyBeatTests;
			productReference = 048CAC291C4122A600C7A6A3 /* BodyBeatTests.xctest */;
			productType = "com.apple.product-type.bundle.unit-test";
		};
		048CAC331C4122A600C7A6A3 /* BodyBeatUITests */ = {
			isa = PBXNativeTarget;
			buildConfigurationList = 048CAC431C4122A600C7A6A3 /* Build configuration list for PBXNativeTarget "BodyBeatUITests" */;
			buildPhases = (
				048CAC301C4122A600C7A6A3 /* Sources */,
				048CAC311C4122A600C7A6A3 /* Frameworks */,
				048CAC321C4122A600C7A6A3 /* Resources */,
			);
			buildRules = (
			);
			dependencies = (
				048CAC361C4122A600C7A6A3 /* PBXTargetDependency */,
			);
			name = BodyBeatUITests;
			productName = BodyBeatUITests;
			productReference = 048CAC341C4122A600C7A6A3 /* BodyBeatUITests.xctest */;
			productType = "com.apple.product-type.bundle.ui-testing";
		};
/* End PBXNativeTarget section */

/* Begin PBXProject section */
		048CAC081C4122A600C7A6A3 /* Project object */ = {
			isa = PBXProject;
			attributes = {
				LastUpgradeCheck = 0720;
				ORGANIZATIONNAME = "Can Behran Kankul";
				TargetAttributes = {
					048CAC0F1C4122A600C7A6A3 = {
						CreatedOnToolsVersion = 7.2;
						DevelopmentTeam = J9ASC95FMJ;
					};
					048CAC281C4122A600C7A6A3 = {
						CreatedOnToolsVersion = 7.2;
						DevelopmentTeam = J9ASC95FMJ;
						TestTargetID = 048CAC0F1C4122A600C7A6A3;
					};
					048CAC331C4122A600C7A6A3 = {
						CreatedOnToolsVersion = 7.2;
						DevelopmentTeam = J9ASC95FMJ;
						TestTargetID = 048CAC0F1C4122A600C7A6A3;
					};
				};
			};
			buildConfigurationList = 048CAC0B1C4122A600C7A6A3 /* Build configuration list for PBXProject "BodyBeat" */;
			compatibilityVersion = "Xcode 3.2";
			developmentRegion = English;
			hasScannedForEncodings = 0;
			knownRegions = (
				en,
				Base,
			);
			mainGroup = 048CAC071C4122A600C7A6A3;
			productRefGroup = 048CAC111C4122A600C7A6A3 /* Products */;
			projectDirPath = "";
			projectRoot = "";
			targets = (
				048CAC0F1C4122A600C7A6A3 /* BodyBeat */,
				048CAC281C4122A600C7A6A3 /* BodyBeatTests */,
				048CAC331C4122A600C7A6A3 /* BodyBeatUITests */,
			);
		};
/* End PBXProject section */

/* Begin PBXResourcesBuildPhase section */
		048CAC0E1C4122A600C7A6A3 /* Resources */ = {
			isa = PBXResourcesBuildPhase;
			buildActionMask = 2147483647;
			files = (
				0412C3511C44FCB900D366C6 /* Common.h in Resources */,
				048CAC231C4122A600C7A6A3 /* LaunchScreen.storyboard in Resources */,
				048CAC201C4122A600C7A6A3 /* Assets.xcassets in Resources */,
				048CAC1E1C4122A600C7A6A3 /* Main.storyboard in Resources */,
				048CAC541C41253C00C7A6A3 /* FacebookSDKStrings.bundle in Resources */,
			);
			runOnlyForDeploymentPostprocessing = 0;
		};
		048CAC271C4122A600C7A6A3 /* Resources */ = {
			isa = PBXResourcesBuildPhase;
			buildActionMask = 2147483647;
			files = (
			);
			runOnlyForDeploymentPostprocessing = 0;
		};
		048CAC321C4122A600C7A6A3 /* Resources */ = {
			isa = PBXResourcesBuildPhase;
			buildActionMask = 2147483647;
			files = (
			);
			runOnlyForDeploymentPostprocessing = 0;
		};
/* End PBXResourcesBuildPhase section */

/* Begin PBXShellScriptBuildPhase section */
		57D039332556E5A175018928 /* Embed Pods Frameworks */ = {
			isa = PBXShellScriptBuildPhase;
			buildActionMask = 2147483647;
			files = (
			);
			inputPaths = (
			);
			name = "Embed Pods Frameworks";
			outputPaths = (
			);
			runOnlyForDeploymentPostprocessing = 0;
			shellPath = /bin/sh;
			shellScript = "\"${SRCROOT}/Pods/Target Support Files/Pods/Pods-frameworks.sh\"\n";
			showEnvVarsInLog = 0;
		};
		7EBE4C161CC448D6E917460D /* Copy Pods Resources */ = {
			isa = PBXShellScriptBuildPhase;
			buildActionMask = 2147483647;
			files = (
			);
			inputPaths = (
			);
			name = "Copy Pods Resources";
			outputPaths = (
			);
			runOnlyForDeploymentPostprocessing = 0;
			shellPath = /bin/sh;
			shellScript = "\"${SRCROOT}/Pods/Target Support Files/Pods/Pods-resources.sh\"\n";
			showEnvVarsInLog = 0;
		};
		A284536F49138A75AB725E85 /* Check Pods Manifest.lock */ = {
			isa = PBXShellScriptBuildPhase;
			buildActionMask = 2147483647;
			files = (
			);
			inputPaths = (
			);
			name = "Check Pods Manifest.lock";
			outputPaths = (
			);
			runOnlyForDeploymentPostprocessing = 0;
			shellPath = /bin/sh;
			shellScript = "diff \"${PODS_ROOT}/../Podfile.lock\" \"${PODS_ROOT}/Manifest.lock\" > /dev/null\nif [[ $? != 0 ]] ; then\n    cat << EOM\nerror: The sandbox is not in sync with the Podfile.lock. Run 'pod install' or update your CocoaPods installation.\nEOM\n    exit 1\nfi\n";
			showEnvVarsInLog = 0;
		};
/* End PBXShellScriptBuildPhase section */

/* Begin PBXSourcesBuildPhase section */
		048CAC0C1C4122A600C7A6A3 /* Sources */ = {
			isa = PBXSourcesBuildPhase;
			buildActionMask = 2147483647;
			files = (
				04677E3E1C43D74D0088B7D9 /* BKEmailLoginViewController.m in Sources */,
				046D95EC1C468977001C9F13 /* BKContainerNavigatorViewController.m in Sources */,
				048CAC591C41273100C7A6A3 /* BKCache.m in Sources */,
				048CAC5E1C41CE1C00C7A6A3 /* BKLandingViewController.m in Sources */,
				048CAC621C41CE7000C7A6A3 /* BKInitialViewController.m in Sources */,
				0412C3571C45119400D366C6 /* BKConnectionManager.m in Sources */,
				04677E4A1C43D9A60088B7D9 /* BKRegisterViewController.m in Sources */,
				048CAC181C4122A600C7A6A3 /* AppDelegate.m in Sources */,
				04677E411C43D77D0088B7D9 /* BKContainerViewController.m in Sources */,
				04D5C2E51C4515B0007C9D44 /* BKHelperMethods.m in Sources */,
				048CAC5B1C41CAB400C7A6A3 /* readme.md in Sources */,
				048CAC151C4122A600C7A6A3 /* main.m in Sources */,
			);
			runOnlyForDeploymentPostprocessing = 0;
		};
		048CAC251C4122A600C7A6A3 /* Sources */ = {
			isa = PBXSourcesBuildPhase;
			buildActionMask = 2147483647;
			files = (
				048CAC2E1C4122A600C7A6A3 /* BodyBeatTests.m in Sources */,
			);
			runOnlyForDeploymentPostprocessing = 0;
		};
		048CAC301C4122A600C7A6A3 /* Sources */ = {
			isa = PBXSourcesBuildPhase;
			buildActionMask = 2147483647;
			files = (
				048CAC391C4122A600C7A6A3 /* BodyBeatUITests.m in Sources */,
			);
			runOnlyForDeploymentPostprocessing = 0;
		};
/* End PBXSourcesBuildPhase section */

/* Begin PBXTargetDependency section */
		048CAC2B1C4122A600C7A6A3 /* PBXTargetDependency */ = {
			isa = PBXTargetDependency;
			target = 048CAC0F1C4122A600C7A6A3 /* BodyBeat */;
			targetProxy = 048CAC2A1C4122A600C7A6A3 /* PBXContainerItemProxy */;
		};
		048CAC361C4122A600C7A6A3 /* PBXTargetDependency */ = {
			isa = PBXTargetDependency;
			target = 048CAC0F1C4122A600C7A6A3 /* BodyBeat */;
			targetProxy = 048CAC351C4122A600C7A6A3 /* PBXContainerItemProxy */;
		};
/* End PBXTargetDependency section */

/* Begin PBXVariantGroup section */
		048CAC1C1C4122A600C7A6A3 /* Main.storyboard */ = {
			isa = PBXVariantGroup;
			children = (
				048CAC1D1C4122A600C7A6A3 /* Base */,
			);
			name = Main.storyboard;
			sourceTree = "<group>";
		};
		048CAC211C4122A600C7A6A3 /* LaunchScreen.storyboard */ = {
			isa = PBXVariantGroup;
			children = (
				048CAC221C4122A600C7A6A3 /* Base */,
			);
			name = LaunchScreen.storyboard;
			sourceTree = "<group>";
		};
/* End PBXVariantGroup section */

/* Begin XCBuildConfiguration section */
		048CAC3B1C4122A600C7A6A3 /* Debug */ = {
			isa = XCBuildConfiguration;
			buildSettings = {
				ALWAYS_SEARCH_USER_PATHS = NO;
				CLANG_CXX_LANGUAGE_STANDARD = "gnu++0x";
				CLANG_CXX_LIBRARY = "libc++";
				CLANG_ENABLE_MODULES = YES;
				CLANG_ENABLE_OBJC_ARC = YES;
				CLANG_WARN_BOOL_CONVERSION = YES;
				CLANG_WARN_CONSTANT_CONVERSION = YES;
				CLANG_WARN_DIRECT_OBJC_ISA_USAGE = YES_ERROR;
				CLANG_WARN_EMPTY_BODY = YES;
				CLANG_WARN_ENUM_CONVERSION = YES;
				CLANG_WARN_INT_CONVERSION = YES;
				CLANG_WARN_OBJC_ROOT_CLASS = YES_ERROR;
				CLANG_WARN_UNREACHABLE_CODE = YES;
				CLANG_WARN__DUPLICATE_METHOD_MATCH = YES;
				"CODE_SIGN_IDENTITY[sdk=iphoneos*]" = "iPhone Developer";
				COPY_PHASE_STRIP = NO;
				DEBUG_INFORMATION_FORMAT = dwarf;
				ENABLE_STRICT_OBJC_MSGSEND = YES;
				ENABLE_TESTABILITY = YES;
				GCC_C_LANGUAGE_STANDARD = gnu99;
				GCC_DYNAMIC_NO_PIC = NO;
				GCC_NO_COMMON_BLOCKS = YES;
				GCC_OPTIMIZATION_LEVEL = 0;
				GCC_PREPROCESSOR_DEFINITIONS = (
					"DEBUG=1",
					"$(inherited)",
				);
				GCC_WARN_64_TO_32_BIT_CONVERSION = YES;
				GCC_WARN_ABOUT_RETURN_TYPE = YES_ERROR;
				GCC_WARN_UNDECLARED_SELECTOR = YES;
				GCC_WARN_UNINITIALIZED_AUTOS = YES_AGGRESSIVE;
				GCC_WARN_UNUSED_FUNCTION = YES;
				GCC_WARN_UNUSED_VARIABLE = YES;
				IPHONEOS_DEPLOYMENT_TARGET = 9.2;
				MTL_ENABLE_DEBUG_INFO = YES;
				ONLY_ACTIVE_ARCH = YES;
				SDKROOT = iphoneos;
			};
			name = Debug;
		};
		048CAC3C1C4122A600C7A6A3 /* Release */ = {
			isa = XCBuildConfiguration;
			buildSettings = {
				ALWAYS_SEARCH_USER_PATHS = NO;
				CLANG_CXX_LANGUAGE_STANDARD = "gnu++0x";
				CLANG_CXX_LIBRARY = "libc++";
				CLANG_ENABLE_MODULES = YES;
				CLANG_ENABLE_OBJC_ARC = YES;
				CLANG_WARN_BOOL_CONVERSION = YES;
				CLANG_WARN_CONSTANT_CONVERSION = YES;
				CLANG_WARN_DIRECT_OBJC_ISA_USAGE = YES_ERROR;
				CLANG_WARN_EMPTY_BODY = YES;
				CLANG_WARN_ENUM_CONVERSION = YES;
				CLANG_WARN_INT_CONVERSION = YES;
				CLANG_WARN_OBJC_ROOT_CLASS = YES_ERROR;
				CLANG_WARN_UNREACHABLE_CODE = YES;
				CLANG_WARN__DUPLICATE_METHOD_MATCH = YES;
				"CODE_SIGN_IDENTITY[sdk=iphoneos*]" = "iPhone Developer";
				COPY_PHASE_STRIP = NO;
				DEBUG_INFORMATION_FORMAT = "dwarf-with-dsym";
				ENABLE_NS_ASSERTIONS = NO;
				ENABLE_STRICT_OBJC_MSGSEND = YES;
				GCC_C_LANGUAGE_STANDARD = gnu99;
				GCC_NO_COMMON_BLOCKS = YES;
				GCC_WARN_64_TO_32_BIT_CONVERSION = YES;
				GCC_WARN_ABOUT_RETURN_TYPE = YES_ERROR;
				GCC_WARN_UNDECLARED_SELECTOR = YES;
				GCC_WARN_UNINITIALIZED_AUTOS = YES_AGGRESSIVE;
				GCC_WARN_UNUSED_FUNCTION = YES;
				GCC_WARN_UNUSED_VARIABLE = YES;
				IPHONEOS_DEPLOYMENT_TARGET = 9.2;
				MTL_ENABLE_DEBUG_INFO = NO;
				SDKROOT = iphoneos;
				VALIDATE_PRODUCT = YES;
			};
			name = Release;
		};
		048CAC3E1C4122A600C7A6A3 /* Debug */ = {
			isa = XCBuildConfiguration;
			baseConfigurationReference = F9BC090AA28FF4389913EED4 /* Pods.debug.xcconfig */;
			buildSettings = {
				ASSETCATALOG_COMPILER_APPICON_NAME = AppIcon;
				FRAMEWORK_SEARCH_PATHS = (
					"$(inherited)",
					"$(PROJECT_DIR)/BodyBeat/Frameworks",
				);
				INFOPLIST_FILE = BodyBeat/Info.plist;
				IPHONEOS_DEPLOYMENT_TARGET = 8.0;
				LD_RUNPATH_SEARCH_PATHS = "$(inherited) @executable_path/Frameworks";
				PRODUCT_BUNDLE_IDENTIFIER = test.BodyBeat;
				PRODUCT_NAME = "$(TARGET_NAME)";
			};
			name = Debug;
		};
		048CAC3F1C4122A600C7A6A3 /* Release */ = {
			isa = XCBuildConfiguration;
			baseConfigurationReference = 0C7139A341457F812E410AAE /* Pods.release.xcconfig */;
			buildSettings = {
				ASSETCATALOG_COMPILER_APPICON_NAME = AppIcon;
				FRAMEWORK_SEARCH_PATHS = (
					"$(inherited)",
					"$(PROJECT_DIR)/BodyBeat/Frameworks",
				);
				INFOPLIST_FILE = BodyBeat/Info.plist;
				IPHONEOS_DEPLOYMENT_TARGET = 8.0;
				LD_RUNPATH_SEARCH_PATHS = "$(inherited) @executable_path/Frameworks";
				PRODUCT_BUNDLE_IDENTIFIER = test.BodyBeat;
				PRODUCT_NAME = "$(TARGET_NAME)";
			};
			name = Release;
		};
		048CAC411C4122A600C7A6A3 /* Debug */ = {
			isa = XCBuildConfiguration;
			buildSettings = {
				BUNDLE_LOADER = "$(TEST_HOST)";
				INFOPLIST_FILE = BodyBeatTests/Info.plist;
				LD_RUNPATH_SEARCH_PATHS = "$(inherited) @executable_path/Frameworks @loader_path/Frameworks";
				PRODUCT_BUNDLE_IDENTIFIER = test.BodyBeatTests;
				PRODUCT_NAME = "$(TARGET_NAME)";
				TEST_HOST = "$(BUILT_PRODUCTS_DIR)/BodyBeat.app/BodyBeat";
			};
			name = Debug;
		};
		048CAC421C4122A600C7A6A3 /* Release */ = {
			isa = XCBuildConfiguration;
			buildSettings = {
				BUNDLE_LOADER = "$(TEST_HOST)";
				INFOPLIST_FILE = BodyBeatTests/Info.plist;
				LD_RUNPATH_SEARCH_PATHS = "$(inherited) @executable_path/Frameworks @loader_path/Frameworks";
				PRODUCT_BUNDLE_IDENTIFIER = test.BodyBeatTests;
				PRODUCT_NAME = "$(TARGET_NAME)";
				TEST_HOST = "$(BUILT_PRODUCTS_DIR)/BodyBeat.app/BodyBeat";
			};
			name = Release;
		};
		048CAC441C4122A600C7A6A3 /* Debug */ = {
			isa = XCBuildConfiguration;
			buildSettings = {
				INFOPLIST_FILE = BodyBeatUITests/Info.plist;
				LD_RUNPATH_SEARCH_PATHS = "$(inherited) @executable_path/Frameworks @loader_path/Frameworks";
				PRODUCT_BUNDLE_IDENTIFIER = test.BodyBeatUITests;
				PRODUCT_NAME = "$(TARGET_NAME)";
				TEST_TARGET_NAME = BodyBeat;
				USES_XCTRUNNER = YES;
			};
			name = Debug;
		};
		048CAC451C4122A600C7A6A3 /* Release */ = {
			isa = XCBuildConfiguration;
			buildSettings = {
				INFOPLIST_FILE = BodyBeatUITests/Info.plist;
				LD_RUNPATH_SEARCH_PATHS = "$(inherited) @executable_path/Frameworks @loader_path/Frameworks";
				PRODUCT_BUNDLE_IDENTIFIER = test.BodyBeatUITests;
				PRODUCT_NAME = "$(TARGET_NAME)";
				TEST_TARGET_NAME = BodyBeat;
				USES_XCTRUNNER = YES;
			};
			name = Release;
		};
/* End XCBuildConfiguration section */

/* Begin XCConfigurationList section */
		048CAC0B1C4122A600C7A6A3 /* Build configuration list for PBXProject "BodyBeat" */ = {
			isa = XCConfigurationList;
			buildConfigurations = (
				048CAC3B1C4122A600C7A6A3 /* Debug */,
				048CAC3C1C4122A600C7A6A3 /* Release */,
			);
			defaultConfigurationIsVisible = 0;
			defaultConfigurationName = Release;
		};
		048CAC3D1C4122A600C7A6A3 /* Build configuration list for PBXNativeTarget "BodyBeat" */ = {
			isa = XCConfigurationList;
			buildConfigurations = (
				048CAC3E1C4122A600C7A6A3 /* Debug */,
				048CAC3F1C4122A600C7A6A3 /* Release */,
			);
			defaultConfigurationIsVisible = 0;
			defaultConfigurationName = Release;
		};
		048CAC401C4122A600C7A6A3 /* Build configuration list for PBXNativeTarget "BodyBeatTests" */ = {
			isa = XCConfigurationList;
			buildConfigurations = (
				048CAC411C4122A600C7A6A3 /* Debug */,
				048CAC421C4122A600C7A6A3 /* Release */,
			);
			defaultConfigurationIsVisible = 0;
			defaultConfigurationName = Release;
		};
		048CAC431C4122A600C7A6A3 /* Build configuration list for PBXNativeTarget "BodyBeatUITests" */ = {
			isa = XCConfigurationList;
			buildConfigurations = (
				048CAC441C4122A600C7A6A3 /* Debug */,
				048CAC451C4122A600C7A6A3 /* Release */,
			);
			defaultConfigurationIsVisible = 0;
			defaultConfigurationName = Release;
		};
/* End XCConfigurationList section */
	};
	rootObject = 048CAC081C4122A600C7A6A3 /* Project object */;
}
